// !$*UTF8*$!
{
	archiveVersion = 1;
	classes = {
	};
	objectVersion = 56;
	objects = {

/* Begin PBXBuildFile section */
		CE0C9BC72ACFB099000022C4 /* AppDelegate.swift in Sources */ = {isa = PBXBuildFile; fileRef = CE0C9BC62ACFB099000022C4 /* AppDelegate.swift */; };
		CE0C9BC92ACFB099000022C4 /* SceneDelegate.swift in Sources */ = {isa = PBXBuildFile; fileRef = CE0C9BC82ACFB099000022C4 /* SceneDelegate.swift */; };
		CE0C9BCB2ACFB099000022C4 /* ViewController.swift in Sources */ = {isa = PBXBuildFile; fileRef = CE0C9BCA2ACFB099000022C4 /* ViewController.swift */; };
		CE0C9BD02ACFB09B000022C4 /* Assets.xcassets in Resources */ = {isa = PBXBuildFile; fileRef = CE0C9BCF2ACFB09B000022C4 /* Assets.xcassets */; };
		CE0C9BD32ACFB09B000022C4 /* LaunchScreen.storyboard in Resources */ = {isa = PBXBuildFile; fileRef = CE0C9BD12ACFB09B000022C4 /* LaunchScreen.storyboard */; };
		CE0C9BDE2ACFB09B000022C4 /* iOS_CacheLibrary_AnalysisTests.swift in Sources */ = {isa = PBXBuildFile; fileRef = CE0C9BDD2ACFB09B000022C4 /* iOS_CacheLibrary_AnalysisTests.swift */; };
		CE0C9BE82ACFB09B000022C4 /* iOS_CacheLibrary_AnalysisUITests.swift in Sources */ = {isa = PBXBuildFile; fileRef = CE0C9BE72ACFB09B000022C4 /* iOS_CacheLibrary_AnalysisUITests.swift */; };
		CE0C9BEA2ACFB09B000022C4 /* iOS_CacheLibrary_AnalysisUITestsLaunchTests.swift in Sources */ = {isa = PBXBuildFile; fileRef = CE0C9BE92ACFB09B000022C4 /* iOS_CacheLibrary_AnalysisUITestsLaunchTests.swift */; };
		CE0C9BF82ACFB0F3000022C4 /* Kingfisher in Frameworks */ = {isa = PBXBuildFile; productRef = CE0C9BF72ACFB0F3000022C4 /* Kingfisher */; };
		CE0C9BFB2ACFB15C000022C4 /* SDWebImage in Frameworks */ = {isa = PBXBuildFile; productRef = CE0C9BFA2ACFB15C000022C4 /* SDWebImage */; };
		CE0C9BFE2ACFB185000022C4 /* Nuke in Frameworks */ = {isa = PBXBuildFile; productRef = CE0C9BFD2ACFB185000022C4 /* Nuke */; };
		CE0C9C012ACFB277000022C4 /* AlamofireImage in Frameworks */ = {isa = PBXBuildFile; productRef = CE0C9C002ACFB277000022C4 /* AlamofireImage */; };
/* End PBXBuildFile section */

/* Begin PBXContainerItemProxy section */
		CE0C9BDA2ACFB09B000022C4 /* PBXContainerItemProxy */ = {
			isa = PBXContainerItemProxy;
			containerPortal = CE0C9BBB2ACFB099000022C4 /* Project object */;
			proxyType = 1;
			remoteGlobalIDString = CE0C9BC22ACFB099000022C4;
			remoteInfo = "iOS-CacheLibrary-Analysis";
		};
		CE0C9BE42ACFB09B000022C4 /* PBXContainerItemProxy */ = {
			isa = PBXContainerItemProxy;
			containerPortal = CE0C9BBB2ACFB099000022C4 /* Project object */;
			proxyType = 1;
			remoteGlobalIDString = CE0C9BC22ACFB099000022C4;
			remoteInfo = "iOS-CacheLibrary-Analysis";
		};
/* End PBXContainerItemProxy section */

/* Begin PBXFileReference section */
		CE0C9BC32ACFB099000022C4 /* iOS-CacheLibrary-Analysis.app */ = {isa = PBXFileReference; explicitFileType = wrapper.application; includeInIndex = 0; path = "iOS-CacheLibrary-Analysis.app"; sourceTree = BUILT_PRODUCTS_DIR; };
		CE0C9BC62ACFB099000022C4 /* AppDelegate.swift */ = {isa = PBXFileReference; lastKnownFileType = sourcecode.swift; path = AppDelegate.swift; sourceTree = "<group>"; };
		CE0C9BC82ACFB099000022C4 /* SceneDelegate.swift */ = {isa = PBXFileReference; lastKnownFileType = sourcecode.swift; path = SceneDelegate.swift; sourceTree = "<group>"; };
		CE0C9BCA2ACFB099000022C4 /* ViewController.swift */ = {isa = PBXFileReference; lastKnownFileType = sourcecode.swift; path = ViewController.swift; sourceTree = "<group>"; };
		CE0C9BCF2ACFB09B000022C4 /* Assets.xcassets */ = {isa = PBXFileReference; lastKnownFileType = folder.assetcatalog; path = Assets.xcassets; sourceTree = "<group>"; };
		CE0C9BD22ACFB09B000022C4 /* Base */ = {isa = PBXFileReference; lastKnownFileType = file.storyboard; name = Base; path = Base.lproj/LaunchScreen.storyboard; sourceTree = "<group>"; };
		CE0C9BD42ACFB09B000022C4 /* Info.plist */ = {isa = PBXFileReference; lastKnownFileType = text.plist.xml; path = Info.plist; sourceTree = "<group>"; };
		CE0C9BD92ACFB09B000022C4 /* iOS-CacheLibrary-AnalysisTests.xctest */ = {isa = PBXFileReference; explicitFileType = wrapper.cfbundle; includeInIndex = 0; path = "iOS-CacheLibrary-AnalysisTests.xctest"; sourceTree = BUILT_PRODUCTS_DIR; };
		CE0C9BDD2ACFB09B000022C4 /* iOS_CacheLibrary_AnalysisTests.swift */ = {isa = PBXFileReference; lastKnownFileType = sourcecode.swift; path = iOS_CacheLibrary_AnalysisTests.swift; sourceTree = "<group>"; };
		CE0C9BE32ACFB09B000022C4 /* iOS-CacheLibrary-AnalysisUITests.xctest */ = {isa = PBXFileReference; explicitFileType = wrapper.cfbundle; includeInIndex = 0; path = "iOS-CacheLibrary-AnalysisUITests.xctest"; sourceTree = BUILT_PRODUCTS_DIR; };
		CE0C9BE72ACFB09B000022C4 /* iOS_CacheLibrary_AnalysisUITests.swift */ = {isa = PBXFileReference; lastKnownFileType = sourcecode.swift; path = iOS_CacheLibrary_AnalysisUITests.swift; sourceTree = "<group>"; };
		CE0C9BE92ACFB09B000022C4 /* iOS_CacheLibrary_AnalysisUITestsLaunchTests.swift */ = {isa = PBXFileReference; lastKnownFileType = sourcecode.swift; path = iOS_CacheLibrary_AnalysisUITestsLaunchTests.swift; sourceTree = "<group>"; };
/* End PBXFileReference section */

/* Begin PBXFrameworksBuildPhase section */
		CE0C9BC02ACFB099000022C4 /* Frameworks */ = {
			isa = PBXFrameworksBuildPhase;
			buildActionMask = 2147483647;
			files = (
				CE0C9BFE2ACFB185000022C4 /* Nuke in Frameworks */,
				CE0C9C012ACFB277000022C4 /* AlamofireImage in Frameworks */,
				CE0C9BFB2ACFB15C000022C4 /* SDWebImage in Frameworks */,
				CE0C9BF82ACFB0F3000022C4 /* Kingfisher in Frameworks */,
			);
			runOnlyForDeploymentPostprocessing = 0;
		};
		CE0C9BD62ACFB09B000022C4 /* Frameworks */ = {
			isa = PBXFrameworksBuildPhase;
			buildActionMask = 2147483647;
			files = (
			);
			runOnlyForDeploymentPostprocessing = 0;
		};
		CE0C9BE02ACFB09B000022C4 /* Frameworks */ = {
			isa = PBXFrameworksBuildPhase;
			buildActionMask = 2147483647;
			files = (
			);
			runOnlyForDeploymentPostprocessing = 0;
		};
/* End PBXFrameworksBuildPhase section */

/* Begin PBXGroup section */
		CE0C9BBA2ACFB099000022C4 = {
			isa = PBXGroup;
			children = (
				CE0C9BC52ACFB099000022C4 /* iOS-CacheLibrary-Analysis */,
				CE0C9BDC2ACFB09B000022C4 /* iOS-CacheLibrary-AnalysisTests */,
				CE0C9BE62ACFB09B000022C4 /* iOS-CacheLibrary-AnalysisUITests */,
				CE0C9BC42ACFB099000022C4 /* Products */,
			);
			sourceTree = "<group>";
		};
		CE0C9BC42ACFB099000022C4 /* Products */ = {
			isa = PBXGroup;
			children = (
				CE0C9BC32ACFB099000022C4 /* iOS-CacheLibrary-Analysis.app */,
				CE0C9BD92ACFB09B000022C4 /* iOS-CacheLibrary-AnalysisTests.xctest */,
				CE0C9BE32ACFB09B000022C4 /* iOS-CacheLibrary-AnalysisUITests.xctest */,
			);
			name = Products;
			sourceTree = "<group>";
		};
		CE0C9BC52ACFB099000022C4 /* iOS-CacheLibrary-Analysis */ = {
			isa = PBXGroup;
			children = (
				CEA7064D2AD5A1E900120DB9 /* Supports */,
				CEA7064C2AD5954600120DB9 /* MainScene */,
				CE0C9BCF2ACFB09B000022C4 /* Assets.xcassets */,
				CE0C9BD12ACFB09B000022C4 /* LaunchScreen.storyboard */,
				CE0C9BD42ACFB09B000022C4 /* Info.plist */,
			);
			path = "iOS-CacheLibrary-Analysis";
			sourceTree = "<group>";
		};
		CE0C9BDC2ACFB09B000022C4 /* iOS-CacheLibrary-AnalysisTests */ = {
			isa = PBXGroup;
			children = (
				CE0C9BDD2ACFB09B000022C4 /* iOS_CacheLibrary_AnalysisTests.swift */,
			);
			path = "iOS-CacheLibrary-AnalysisTests";
			sourceTree = "<group>";
		};
		CE0C9BE62ACFB09B000022C4 /* iOS-CacheLibrary-AnalysisUITests */ = {
			isa = PBXGroup;
			children = (
				CE0C9BE72ACFB09B000022C4 /* iOS_CacheLibrary_AnalysisUITests.swift */,
				CE0C9BE92ACFB09B000022C4 /* iOS_CacheLibrary_AnalysisUITestsLaunchTests.swift */,
			);
			path = "iOS-CacheLibrary-AnalysisUITests";
			sourceTree = "<group>";
		};
		CEA7064C2AD5954600120DB9 /* MainScene */ = {
			isa = PBXGroup;
			children = (
				CE0C9BCA2ACFB099000022C4 /* ViewController.swift */,
			);
			path = MainScene;
			sourceTree = "<group>";
		};
		CEA7064D2AD5A1E900120DB9 /* Supports */ = {
			isa = PBXGroup;
			children = (
				CE0C9BC82ACFB099000022C4 /* SceneDelegate.swift */,
				CE0C9BC62ACFB099000022C4 /* AppDelegate.swift */,
			);
			path = Supports;
			sourceTree = "<group>";
		};
/* End PBXGroup section */

/* Begin PBXNativeTarget section */
		CE0C9BC22ACFB099000022C4 /* iOS-CacheLibrary-Analysis */ = {
			isa = PBXNativeTarget;
			buildConfigurationList = CE0C9BED2ACFB09B000022C4 /* Build configuration list for PBXNativeTarget "iOS-CacheLibrary-Analysis" */;
			buildPhases = (
				CE0C9BBF2ACFB099000022C4 /* Sources */,
				CE0C9BC02ACFB099000022C4 /* Frameworks */,
				CE0C9BC12ACFB099000022C4 /* Resources */,
			);
			buildRules = (
			);
			dependencies = (
			);
			name = "iOS-CacheLibrary-Analysis";
			packageProductDependencies = (
				CE0C9BF72ACFB0F3000022C4 /* Kingfisher */,
				CE0C9BFA2ACFB15C000022C4 /* SDWebImage */,
				CE0C9BFD2ACFB185000022C4 /* Nuke */,
				CE0C9C002ACFB277000022C4 /* AlamofireImage */,
			);
			productName = "iOS-CacheLibrary-Analysis";
			productReference = CE0C9BC32ACFB099000022C4 /* iOS-CacheLibrary-Analysis.app */;
			productType = "com.apple.product-type.application";
		};
		CE0C9BD82ACFB09B000022C4 /* iOS-CacheLibrary-AnalysisTests */ = {
			isa = PBXNativeTarget;
			buildConfigurationList = CE0C9BF02ACFB09B000022C4 /* Build configuration list for PBXNativeTarget "iOS-CacheLibrary-AnalysisTests" */;
			buildPhases = (
				CE0C9BD52ACFB09B000022C4 /* Sources */,
				CE0C9BD62ACFB09B000022C4 /* Frameworks */,
				CE0C9BD72ACFB09B000022C4 /* Resources */,
			);
			buildRules = (
			);
			dependencies = (
				CE0C9BDB2ACFB09B000022C4 /* PBXTargetDependency */,
			);
			name = "iOS-CacheLibrary-AnalysisTests";
			productName = "iOS-CacheLibrary-AnalysisTests";
			productReference = CE0C9BD92ACFB09B000022C4 /* iOS-CacheLibrary-AnalysisTests.xctest */;
			productType = "com.apple.product-type.bundle.unit-test";
		};
		CE0C9BE22ACFB09B000022C4 /* iOS-CacheLibrary-AnalysisUITests */ = {
			isa = PBXNativeTarget;
			buildConfigurationList = CE0C9BF32ACFB09B000022C4 /* Build configuration list for PBXNativeTarget "iOS-CacheLibrary-AnalysisUITests" */;
			buildPhases = (
				CE0C9BDF2ACFB09B000022C4 /* Sources */,
				CE0C9BE02ACFB09B000022C4 /* Frameworks */,
				CE0C9BE12ACFB09B000022C4 /* Resources */,
			);
			buildRules = (
			);
			dependencies = (
				CE0C9BE52ACFB09B000022C4 /* PBXTargetDependency */,
			);
			name = "iOS-CacheLibrary-AnalysisUITests";
			productName = "iOS-CacheLibrary-AnalysisUITests";
			productReference = CE0C9BE32ACFB09B000022C4 /* iOS-CacheLibrary-AnalysisUITests.xctest */;
			productType = "com.apple.product-type.bundle.ui-testing";
		};
/* End PBXNativeTarget section */

/* Begin PBXProject section */
		CE0C9BBB2ACFB099000022C4 /* Project object */ = {
			isa = PBXProject;
			attributes = {
				BuildIndependentTargetsInParallel = 1;
				LastSwiftUpdateCheck = 1430;
				LastUpgradeCheck = 1430;
				TargetAttributes = {
					CE0C9BC22ACFB099000022C4 = {
						CreatedOnToolsVersion = 14.3;
					};
					CE0C9BD82ACFB09B000022C4 = {
						CreatedOnToolsVersion = 14.3;
						TestTargetID = CE0C9BC22ACFB099000022C4;
					};
					CE0C9BE22ACFB09B000022C4 = {
						CreatedOnToolsVersion = 14.3;
						TestTargetID = CE0C9BC22ACFB099000022C4;
					};
				};
			};
			buildConfigurationList = CE0C9BBE2ACFB099000022C4 /* Build configuration list for PBXProject "iOS-CacheLibrary-Analysis" */;
			compatibilityVersion = "Xcode 14.0";
			developmentRegion = en;
			hasScannedForEncodings = 0;
			knownRegions = (
				en,
				Base,
			);
			mainGroup = CE0C9BBA2ACFB099000022C4;
			packageReferences = (
				CE0C9BF62ACFB0F3000022C4 /* XCRemoteSwiftPackageReference "Kingfisher" */,
				CE0C9BF92ACFB15C000022C4 /* XCRemoteSwiftPackageReference "SDWebImage" */,
				CE0C9BFC2ACFB184000022C4 /* XCRemoteSwiftPackageReference "Nuke" */,
				CE0C9BFF2ACFB277000022C4 /* XCRemoteSwiftPackageReference "AlamofireImage" */,
			);
			productRefGroup = CE0C9BC42ACFB099000022C4 /* Products */;
			projectDirPath = "";
			projectRoot = "";
			targets = (
				CE0C9BC22ACFB099000022C4 /* iOS-CacheLibrary-Analysis */,
				CE0C9BD82ACFB09B000022C4 /* iOS-CacheLibrary-AnalysisTests */,
				CE0C9BE22ACFB09B000022C4 /* iOS-CacheLibrary-AnalysisUITests */,
			);
		};
/* End PBXProject section */

/* Begin PBXResourcesBuildPhase section */
		CE0C9BC12ACFB099000022C4 /* Resources */ = {
			isa = PBXResourcesBuildPhase;
			buildActionMask = 2147483647;
			files = (
				CE0C9BD32ACFB09B000022C4 /* LaunchScreen.storyboard in Resources */,
				CE0C9BD02ACFB09B000022C4 /* Assets.xcassets in Resources */,
			);
			runOnlyForDeploymentPostprocessing = 0;
		};
		CE0C9BD72ACFB09B000022C4 /* Resources */ = {
			isa = PBXResourcesBuildPhase;
			buildActionMask = 2147483647;
			files = (
			);
			runOnlyForDeploymentPostprocessing = 0;
		};
		CE0C9BE12ACFB09B000022C4 /* Resources */ = {
			isa = PBXResourcesBuildPhase;
			buildActionMask = 2147483647;
			files = (
			);
			runOnlyForDeploymentPostprocessing = 0;
		};
/* End PBXResourcesBuildPhase section */

/* Begin PBXSourcesBuildPhase section */
		CE0C9BBF2ACFB099000022C4 /* Sources */ = {
			isa = PBXSourcesBuildPhase;
			buildActionMask = 2147483647;
			files = (
				CE0C9BCB2ACFB099000022C4 /* ViewController.swift in Sources */,
				CE0C9BC72ACFB099000022C4 /* AppDelegate.swift in Sources */,
				CE0C9BC92ACFB099000022C4 /* SceneDelegate.swift in Sources */,
			);
			runOnlyForDeploymentPostprocessing = 0;
		};
		CE0C9BD52ACFB09B000022C4 /* Sources */ = {
			isa = PBXSourcesBuildPhase;
			buildActionMask = 2147483647;
			files = (
				CE0C9BDE2ACFB09B000022C4 /* iOS_CacheLibrary_AnalysisTests.swift in Sources */,
			);
			runOnlyForDeploymentPostprocessing = 0;
		};
		CE0C9BDF2ACFB09B000022C4 /* Sources */ = {
			isa = PBXSourcesBuildPhase;
			buildActionMask = 2147483647;
			files = (
				CE0C9BE82ACFB09B000022C4 /* iOS_CacheLibrary_AnalysisUITests.swift in Sources */,
				CE0C9BEA2ACFB09B000022C4 /* iOS_CacheLibrary_AnalysisUITestsLaunchTests.swift in Sources */,
			);
			runOnlyForDeploymentPostprocessing = 0;
		};
/* End PBXSourcesBuildPhase section */

/* Begin PBXTargetDependency section */
		CE0C9BDB2ACFB09B000022C4 /* PBXTargetDependency */ = {
			isa = PBXTargetDependency;
			target = CE0C9BC22ACFB099000022C4 /* iOS-CacheLibrary-Analysis */;
			targetProxy = CE0C9BDA2ACFB09B000022C4 /* PBXContainerItemProxy */;
		};
		CE0C9BE52ACFB09B000022C4 /* PBXTargetDependency */ = {
			isa = PBXTargetDependency;
			target = CE0C9BC22ACFB099000022C4 /* iOS-CacheLibrary-Analysis */;
			targetProxy = CE0C9BE42ACFB09B000022C4 /* PBXContainerItemProxy */;
		};
/* End PBXTargetDependency section */

/* Begin PBXVariantGroup section */
		CE0C9BD12ACFB09B000022C4 /* LaunchScreen.storyboard */ = {
			isa = PBXVariantGroup;
			children = (
				CE0C9BD22ACFB09B000022C4 /* Base */,
			);
			name = LaunchScreen.storyboard;
			sourceTree = "<group>";
		};
/* End PBXVariantGroup section */

/* Begin XCBuildConfiguration section */
		CE0C9BEB2ACFB09B000022C4 /* Debug */ = {
			isa = XCBuildConfiguration;
			buildSettings = {
				ALWAYS_SEARCH_USER_PATHS = NO;
				CLANG_ANALYZER_NONNULL = YES;
				CLANG_ANALYZER_NUMBER_OBJECT_CONVERSION = YES_AGGRESSIVE;
				CLANG_CXX_LANGUAGE_STANDARD = "gnu++20";
				CLANG_ENABLE_MODULES = YES;
				CLANG_ENABLE_OBJC_ARC = YES;
				CLANG_ENABLE_OBJC_WEAK = YES;
				CLANG_WARN_BLOCK_CAPTURE_AUTORELEASING = YES;
				CLANG_WARN_BOOL_CONVERSION = YES;
				CLANG_WARN_COMMA = YES;
				CLANG_WARN_CONSTANT_CONVERSION = YES;
				CLANG_WARN_DEPRECATED_OBJC_IMPLEMENTATIONS = YES;
				CLANG_WARN_DIRECT_OBJC_ISA_USAGE = YES_ERROR;
				CLANG_WARN_DOCUMENTATION_COMMENTS = YES;
				CLANG_WARN_EMPTY_BODY = YES;
				CLANG_WARN_ENUM_CONVERSION = YES;
				CLANG_WARN_INFINITE_RECURSION = YES;
				CLANG_WARN_INT_CONVERSION = YES;
				CLANG_WARN_NON_LITERAL_NULL_CONVERSION = YES;
				CLANG_WARN_OBJC_IMPLICIT_RETAIN_SELF = YES;
				CLANG_WARN_OBJC_LITERAL_CONVERSION = YES;
				CLANG_WARN_OBJC_ROOT_CLASS = YES_ERROR;
				CLANG_WARN_QUOTED_INCLUDE_IN_FRAMEWORK_HEADER = YES;
				CLANG_WARN_RANGE_LOOP_ANALYSIS = YES;
				CLANG_WARN_STRICT_PROTOTYPES = YES;
				CLANG_WARN_SUSPICIOUS_MOVE = YES;
				CLANG_WARN_UNGUARDED_AVAILABILITY = YES_AGGRESSIVE;
				CLANG_WARN_UNREACHABLE_CODE = YES;
				CLANG_WARN__DUPLICATE_METHOD_MATCH = YES;
				COPY_PHASE_STRIP = NO;
				DEBUG_INFORMATION_FORMAT = dwarf;
				ENABLE_STRICT_OBJC_MSGSEND = YES;
				ENABLE_TESTABILITY = YES;
				GCC_C_LANGUAGE_STANDARD = gnu11;
				GCC_DYNAMIC_NO_PIC = NO;
				GCC_NO_COMMON_BLOCKS = YES;
				GCC_OPTIMIZATION_LEVEL = 0;
				GCC_PREPROCESSOR_DEFINITIONS = (
					"DEBUG=1",
					"$(inherited)",
				);
				GCC_WARN_64_TO_32_BIT_CONVERSION = YES;
				GCC_WARN_ABOUT_RETURN_TYPE = YES_ERROR;
				GCC_WARN_UNDECLARED_SELECTOR = YES;
				GCC_WARN_UNINITIALIZED_AUTOS = YES_AGGRESSIVE;
				GCC_WARN_UNUSED_FUNCTION = YES;
				GCC_WARN_UNUSED_VARIABLE = YES;
				IPHONEOS_DEPLOYMENT_TARGET = 16.0;
				MTL_ENABLE_DEBUG_INFO = INCLUDE_SOURCE;
				MTL_FAST_MATH = YES;
				ONLY_ACTIVE_ARCH = YES;
				SDKROOT = iphoneos;
				SWIFT_ACTIVE_COMPILATION_CONDITIONS = DEBUG;
				SWIFT_OPTIMIZATION_LEVEL = "-Onone";
			};
			name = Debug;
		};
		CE0C9BEC2ACFB09B000022C4 /* Release */ = {
			isa = XCBuildConfiguration;
			buildSettings = {
				ALWAYS_SEARCH_USER_PATHS = NO;
				CLANG_ANALYZER_NONNULL = YES;
				CLANG_ANALYZER_NUMBER_OBJECT_CONVERSION = YES_AGGRESSIVE;
				CLANG_CXX_LANGUAGE_STANDARD = "gnu++20";
				CLANG_ENABLE_MODULES = YES;
				CLANG_ENABLE_OBJC_ARC = YES;
				CLANG_ENABLE_OBJC_WEAK = YES;
				CLANG_WARN_BLOCK_CAPTURE_AUTORELEASING = YES;
				CLANG_WARN_BOOL_CONVERSION = YES;
				CLANG_WARN_COMMA = YES;
				CLANG_WARN_CONSTANT_CONVERSION = YES;
				CLANG_WARN_DEPRECATED_OBJC_IMPLEMENTATIONS = YES;
				CLANG_WARN_DIRECT_OBJC_ISA_USAGE = YES_ERROR;
				CLANG_WARN_DOCUMENTATION_COMMENTS = YES;
				CLANG_WARN_EMPTY_BODY = YES;
				CLANG_WARN_ENUM_CONVERSION = YES;
				CLANG_WARN_INFINITE_RECURSION = YES;
				CLANG_WARN_INT_CONVERSION = YES;
				CLANG_WARN_NON_LITERAL_NULL_CONVERSION = YES;
				CLANG_WARN_OBJC_IMPLICIT_RETAIN_SELF = YES;
				CLANG_WARN_OBJC_LITERAL_CONVERSION = YES;
				CLANG_WARN_OBJC_ROOT_CLASS = YES_ERROR;
				CLANG_WARN_QUOTED_INCLUDE_IN_FRAMEWORK_HEADER = YES;
				CLANG_WARN_RANGE_LOOP_ANALYSIS = YES;
				CLANG_WARN_STRICT_PROTOTYPES = YES;
				CLANG_WARN_SUSPICIOUS_MOVE = YES;
				CLANG_WARN_UNGUARDED_AVAILABILITY = YES_AGGRESSIVE;
				CLANG_WARN_UNREACHABLE_CODE = YES;
				CLANG_WARN__DUPLICATE_METHOD_MATCH = YES;
				COPY_PHASE_STRIP = NO;
				DEBUG_INFORMATION_FORMAT = "dwarf-with-dsym";
				ENABLE_NS_ASSERTIONS = NO;
				ENABLE_STRICT_OBJC_MSGSEND = YES;
				GCC_C_LANGUAGE_STANDARD = gnu11;
				GCC_NO_COMMON_BLOCKS = YES;
				GCC_WARN_64_TO_32_BIT_CONVERSION = YES;
				GCC_WARN_ABOUT_RETURN_TYPE = YES_ERROR;
				GCC_WARN_UNDECLARED_SELECTOR = YES;
				GCC_WARN_UNINITIALIZED_AUTOS = YES_AGGRESSIVE;
				GCC_WARN_UNUSED_FUNCTION = YES;
				GCC_WARN_UNUSED_VARIABLE = YES;
				IPHONEOS_DEPLOYMENT_TARGET = 16.0;
				MTL_ENABLE_DEBUG_INFO = NO;
				MTL_FAST_MATH = YES;
				SDKROOT = iphoneos;
				SWIFT_COMPILATION_MODE = wholemodule;
				SWIFT_OPTIMIZATION_LEVEL = "-O";
				VALIDATE_PRODUCT = YES;
			};
			name = Release;
		};
		CE0C9BEE2ACFB09B000022C4 /* Debug */ = {
			isa = XCBuildConfiguration;
			buildSettings = {
				ASSETCATALOG_COMPILER_APPICON_NAME = AppIcon;
				ASSETCATALOG_COMPILER_GLOBAL_ACCENT_COLOR_NAME = AccentColor;
				CODE_SIGN_STYLE = Automatic;
				CURRENT_PROJECT_VERSION = 1;
				DEVELOPMENT_TEAM = 9K86FQHDLU;
				GENERATE_INFOPLIST_FILE = YES;
				INFOPLIST_FILE = "iOS-CacheLibrary-Analysis/Info.plist";
				INFOPLIST_KEY_UIApplicationSupportsIndirectInputEvents = YES;
				INFOPLIST_KEY_UILaunchStoryboardName = LaunchScreen;
				INFOPLIST_KEY_UISupportedInterfaceOrientations_iPad = "UIInterfaceOrientationPortrait UIInterfaceOrientationPortraitUpsideDown UIInterfaceOrientationLandscapeLeft UIInterfaceOrientationLandscapeRight";
				INFOPLIST_KEY_UISupportedInterfaceOrientations_iPhone = "UIInterfaceOrientationPortrait UIInterfaceOrientationLandscapeLeft UIInterfaceOrientationLandscapeRight";
				LD_RUNPATH_SEARCH_PATHS = (
					"$(inherited)",
					"@executable_path/Frameworks",
				);
				MARKETING_VERSION = 1.0;
				PRODUCT_BUNDLE_IDENTIFIER = "com.sejin.iOS-CacheLibrary-Analysis";
				PRODUCT_NAME = "$(TARGET_NAME)";
				SWIFT_EMIT_LOC_STRINGS = YES;
				SWIFT_VERSION = 5.0;
				TARGETED_DEVICE_FAMILY = "1,2";
			};
			name = Debug;
		};
		CE0C9BEF2ACFB09B000022C4 /* Release */ = {
			isa = XCBuildConfiguration;
			buildSettings = {
				ASSETCATALOG_COMPILER_APPICON_NAME = AppIcon;
				ASSETCATALOG_COMPILER_GLOBAL_ACCENT_COLOR_NAME = AccentColor;
				CODE_SIGN_STYLE = Automatic;
				CURRENT_PROJECT_VERSION = 1;
				DEVELOPMENT_TEAM = 9K86FQHDLU;
				GENERATE_INFOPLIST_FILE = YES;
				INFOPLIST_FILE = "iOS-CacheLibrary-Analysis/Info.plist";
				INFOPLIST_KEY_UIApplicationSupportsIndirectInputEvents = YES;
				INFOPLIST_KEY_UILaunchStoryboardName = LaunchScreen;
				INFOPLIST_KEY_UISupportedInterfaceOrientations_iPad = "UIInterfaceOrientationPortrait UIInterfaceOrientationPortraitUpsideDown UIInterfaceOrientationLandscapeLeft UIInterfaceOrientationLandscapeRight";
				INFOPLIST_KEY_UISupportedInterfaceOrientations_iPhone = "UIInterfaceOrientationPortrait UIInterfaceOrientationLandscapeLeft UIInterfaceOrientationLandscapeRight";
				LD_RUNPATH_SEARCH_PATHS = (
					"$(inherited)",
					"@executable_path/Frameworks",
				);
				MARKETING_VERSION = 1.0;
				PRODUCT_BUNDLE_IDENTIFIER = "com.sejin.iOS-CacheLibrary-Analysis";
				PRODUCT_NAME = "$(TARGET_NAME)";
				SWIFT_EMIT_LOC_STRINGS = YES;
				SWIFT_VERSION = 5.0;
				TARGETED_DEVICE_FAMILY = "1,2";
			};
			name = Release;
		};
		CE0C9BF12ACFB09B000022C4 /* Debug */ = {
			isa = XCBuildConfiguration;
			buildSettings = {
				ALWAYS_EMBED_SWIFT_STANDARD_LIBRARIES = YES;
				BUNDLE_LOADER = "$(TEST_HOST)";
				CODE_SIGN_STYLE = Automatic;
				CURRENT_PROJECT_VERSION = 1;
				DEVELOPMENT_TEAM = 9K86FQHDLU;
				GENERATE_INFOPLIST_FILE = YES;
				IPHONEOS_DEPLOYMENT_TARGET = 16.4;
				MARKETING_VERSION = 1.0;
				PRODUCT_BUNDLE_IDENTIFIER = "com.sejin.iOS-CacheLibrary-AnalysisTests";
				PRODUCT_NAME = "$(TARGET_NAME)";
				SWIFT_EMIT_LOC_STRINGS = NO;
				SWIFT_VERSION = 5.0;
				TARGETED_DEVICE_FAMILY = "1,2";
				TEST_HOST = "$(BUILT_PRODUCTS_DIR)/iOS-CacheLibrary-Analysis.app/$(BUNDLE_EXECUTABLE_FOLDER_PATH)/iOS-CacheLibrary-Analysis";
			};
			name = Debug;
		};
		CE0C9BF22ACFB09B000022C4 /* Release */ = {
			isa = XCBuildConfiguration;
			buildSettings = {
				ALWAYS_EMBED_SWIFT_STANDARD_LIBRARIES = YES;
				BUNDLE_LOADER = "$(TEST_HOST)";
				CODE_SIGN_STYLE = Automatic;
				CURRENT_PROJECT_VERSION = 1;
				DEVELOPMENT_TEAM = 9K86FQHDLU;
				GENERATE_INFOPLIST_FILE = YES;
				IPHONEOS_DEPLOYMENT_TARGET = 16.4;
				MARKETING_VERSION = 1.0;
				PRODUCT_BUNDLE_IDENTIFIER = "com.sejin.iOS-CacheLibrary-AnalysisTests";
				PRODUCT_NAME = "$(TARGET_NAME)";
				SWIFT_EMIT_LOC_STRINGS = NO;
				SWIFT_VERSION = 5.0;
				TARGETED_DEVICE_FAMILY = "1,2";
				TEST_HOST = "$(BUILT_PRODUCTS_DIR)/iOS-CacheLibrary-Analysis.app/$(BUNDLE_EXECUTABLE_FOLDER_PATH)/iOS-CacheLibrary-Analysis";
			};
			name = Release;
		};
		CE0C9BF42ACFB09B000022C4 /* Debug */ = {
			isa = XCBuildConfiguration;
			buildSettings = {
				ALWAYS_EMBED_SWIFT_STANDARD_LIBRARIES = YES;
				CODE_SIGN_STYLE = Automatic;
				CURRENT_PROJECT_VERSION = 1;
				DEVELOPMENT_TEAM = 9K86FQHDLU;
				GENERATE_INFOPLIST_FILE = YES;
				MARKETING_VERSION = 1.0;
				PRODUCT_BUNDLE_IDENTIFIER = "com.sejin.iOS-CacheLibrary-AnalysisUITests";
				PRODUCT_NAME = "$(TARGET_NAME)";
				SWIFT_EMIT_LOC_STRINGS = NO;
				SWIFT_VERSION = 5.0;
				TARGETED_DEVICE_FAMILY = "1,2";
				TEST_TARGET_NAME = "iOS-CacheLibrary-Analysis";
			};
			name = Debug;
		};
		CE0C9BF52ACFB09B000022C4 /* Release */ = {
			isa = XCBuildConfiguration;
			buildSettings = {
				ALWAYS_EMBED_SWIFT_STANDARD_LIBRARIES = YES;
				CODE_SIGN_STYLE = Automatic;
				CURRENT_PROJECT_VERSION = 1;
				DEVELOPMENT_TEAM = 9K86FQHDLU;
				GENERATE_INFOPLIST_FILE = YES;
				MARKETING_VERSION = 1.0;
				PRODUCT_BUNDLE_IDENTIFIER = "com.sejin.iOS-CacheLibrary-AnalysisUITests";
				PRODUCT_NAME = "$(TARGET_NAME)";
				SWIFT_EMIT_LOC_STRINGS = NO;
				SWIFT_VERSION = 5.0;
				TARGETED_DEVICE_FAMILY = "1,2";
				TEST_TARGET_NAME = "iOS-CacheLibrary-Analysis";
			};
			name = Release;
		};
/* End XCBuildConfiguration section */

/* Begin XCConfigurationList section */
		CE0C9BBE2ACFB099000022C4 /* Build configuration list for PBXProject "iOS-CacheLibrary-Analysis" */ = {
			isa = XCConfigurationList;
			buildConfigurations = (
				CE0C9BEB2ACFB09B000022C4 /* Debug */,
				CE0C9BEC2ACFB09B000022C4 /* Release */,
			);
			defaultConfigurationIsVisible = 0;
			defaultConfigurationName = Release;
		};
		CE0C9BED2ACFB09B000022C4 /* Build configuration list for PBXNativeTarget "iOS-CacheLibrary-Analysis" */ = {
			isa = XCConfigurationList;
			buildConfigurations = (
				CE0C9BEE2ACFB09B000022C4 /* Debug */,
				CE0C9BEF2ACFB09B000022C4 /* Release */,
			);
			defaultConfigurationIsVisible = 0;
			defaultConfigurationName = Release;
		};
		CE0C9BF02ACFB09B000022C4 /* Build configuration list for PBXNativeTarget "iOS-CacheLibrary-AnalysisTests" */ = {
			isa = XCConfigurationList;
			buildConfigurations = (
				CE0C9BF12ACFB09B000022C4 /* Debug */,
				CE0C9BF22ACFB09B000022C4 /* Release */,
			);
			defaultConfigurationIsVisible = 0;
			defaultConfigurationName = Release;
		};
		CE0C9BF32ACFB09B000022C4 /* Build configuration list for PBXNativeTarget "iOS-CacheLibrary-AnalysisUITests" */ = {
			isa = XCConfigurationList;
			buildConfigurations = (
				CE0C9BF42ACFB09B000022C4 /* Debug */,
				CE0C9BF52ACFB09B000022C4 /* Release */,
			);
			defaultConfigurationIsVisible = 0;
			defaultConfigurationName = Release;
		};
/* End XCConfigurationList section */

/* Begin XCRemoteSwiftPackageReference section */
		CE0C9BF62ACFB0F3000022C4 /* XCRemoteSwiftPackageReference "Kingfisher" */ = {
			isa = XCRemoteSwiftPackageReference;
			repositoryURL = "https://github.com/onevcat/Kingfisher";
			requirement = {
				kind = upToNextMajorVersion;
				minimumVersion = 7.0.0;
			};
		};
		CE0C9BF92ACFB15C000022C4 /* XCRemoteSwiftPackageReference "SDWebImage" */ = {
			isa = XCRemoteSwiftPackageReference;
			repositoryURL = "https://github.com/SDWebImage/SDWebImage.git";
			requirement = {
				kind = upToNextMajorVersion;
				minimumVersion = 5.0.0;
			};
		};
		CE0C9BFC2ACFB184000022C4 /* XCRemoteSwiftPackageReference "Nuke" */ = {
			isa = XCRemoteSwiftPackageReference;
			repositoryURL = "https://github.com/kean/Nuke.git";
			requirement = {
				kind = upToNextMajorVersion;
				minimumVersion = 12.0.0;
			};
		};
		CE0C9BFF2ACFB277000022C4 /* XCRemoteSwiftPackageReference "AlamofireImage" */ = {
			isa = XCRemoteSwiftPackageReference;
			repositoryURL = "https://github.com/Alamofire/AlamofireImage.git";
			requirement = {
				kind = upToNextMajorVersion;
				minimumVersion = 4.0.0;
			};
		};
/* End XCRemoteSwiftPackageReference section */

/* Begin XCSwiftPackageProductDependency section */
		CE0C9BF72ACFB0F3000022C4 /* Kingfisher */ = {
			isa = XCSwiftPackageProductDependency;
			package = CE0C9BF62ACFB0F3000022C4 /* XCRemoteSwiftPackageReference "Kingfisher" */;
			productName = Kingfisher;
		};
		CE0C9BFA2ACFB15C000022C4 /* SDWebImage */ = {
			isa = XCSwiftPackageProductDependency;
			package = CE0C9BF92ACFB15C000022C4 /* XCRemoteSwiftPackageReference "SDWebImage" */;
			productName = SDWebImage;
		};
		CE0C9BFD2ACFB185000022C4 /* Nuke */ = {
			isa = XCSwiftPackageProductDependency;
			package = CE0C9BFC2ACFB184000022C4 /* XCRemoteSwiftPackageReference "Nuke" */;
			productName = Nuke;
		};
		CE0C9C002ACFB277000022C4 /* AlamofireImage */ = {
			isa = XCSwiftPackageProductDependency;
			package = CE0C9BFF2ACFB277000022C4 /* XCRemoteSwiftPackageReference "AlamofireImage" */;
			productName = AlamofireImage;
		};
/* End XCSwiftPackageProductDependency section */
	};
	rootObject = CE0C9BBB2ACFB099000022C4 /* Project object */;
}
